
Microsoft Visual Studio Solution File, Format Version 12.00
Project("{FAE04EC0-301F-11D3-BF4B-00C04F79EFBC}") = "Football History", "Football History\Football History.csproj", "{37C8E77B-C530-4DC8-9F3A-FFD0CDCC861E}"
EndProject
Global
	GlobalSection(SolutionConfigurationPlatforms) = preSolution
		Debug|Any CPU = Debug|Any CPU
		Release|Any CPU = Release|Any CPU
	EndGlobalSection
	GlobalSection(ProjectConfigurationPlatforms) = postSolution
		{37C8E77B-C530-4DC8-9F3A-FFD0CDCC861E}.Debug|Any CPU.ActiveCfg = Debug|Any CPU
		{37C8E77B-C530-4DC8-9F3A-FFD0CDCC861E}.Debug|Any CPU.Build.0 = Debug|Any CPU
		{37C8E77B-C530-4DC8-9F3A-FFD0CDCC861E}.Release|Any CPU.ActiveCfg = Release|Any CPU
		{37C8E77B-C530-4DC8-9F3A-FFD0CDCC861E}.Release|Any CPU.Build.0 = Release|Any CPU
	EndGlobalSection
EndGlobal
