
Microsoft Visual Studio Solution File, Format Version 12.00
# Visual Studio 15
VisualStudioVersion = 15.0.28307.271
MinimumVisualStudioVersion = 10.0.40219.1
Project("{9A19103F-16F7-4668-BE54-9A1E7A4F7556}") = "FootballHistory.Api", "FootballHistory.Api\FootballHistory.Api.csproj", "{66830267-A13B-4C6E-8243-2D4F3C241343}"
EndProject
Project("{FAE04EC0-301F-11D3-BF4B-00C04F79EFBC}") = "FootballHistory.UI", "FootballHistory.UI\FootballHistory.UI.csproj", "{50785B87-DB5E-45ED-94DD-78D83BA8CA50}"
EndProject
Project("{FAE04EC0-301F-11D3-BF4B-00C04F79EFBC}") = "FootballHistory.Api.UnitTests", "FootballHistory.Api.UnitTests\FootballHistory.Api.UnitTests.csproj", "{9D9649AF-10CB-4A90-8B7B-1DEB14D61B66}"
EndProject
Project("{FAE04EC0-301F-11D3-BF4B-00C04F79EFBC}") = "FootballHistoryTest.Api", "FootballHistoryTest.Api\FootballHistoryTest.Api.csproj", "{5A5BF197-D2B3-4EF3-B936-3069F7F038FD}"
EndProject
Global
	GlobalSection(SolutionConfigurationPlatforms) = preSolution
		Debug|Any CPU = Debug|Any CPU
		Release|Any CPU = Release|Any CPU
	EndGlobalSection
	GlobalSection(ProjectConfigurationPlatforms) = postSolution
		{66830267-A13B-4C6E-8243-2D4F3C241343}.Debug|Any CPU.ActiveCfg = Debug|Any CPU
		{66830267-A13B-4C6E-8243-2D4F3C241343}.Debug|Any CPU.Build.0 = Debug|Any CPU
		{66830267-A13B-4C6E-8243-2D4F3C241343}.Release|Any CPU.ActiveCfg = Release|Any CPU
		{66830267-A13B-4C6E-8243-2D4F3C241343}.Release|Any CPU.Build.0 = Release|Any CPU
		{50785B87-DB5E-45ED-94DD-78D83BA8CA50}.Debug|Any CPU.ActiveCfg = Debug|Any CPU
		{50785B87-DB5E-45ED-94DD-78D83BA8CA50}.Debug|Any CPU.Build.0 = Debug|Any CPU
		{50785B87-DB5E-45ED-94DD-78D83BA8CA50}.Release|Any CPU.ActiveCfg = Release|Any CPU
		{50785B87-DB5E-45ED-94DD-78D83BA8CA50}.Release|Any CPU.Build.0 = Release|Any CPU
		{9D9649AF-10CB-4A90-8B7B-1DEB14D61B66}.Debug|Any CPU.ActiveCfg = Debug|Any CPU
		{9D9649AF-10CB-4A90-8B7B-1DEB14D61B66}.Debug|Any CPU.Build.0 = Debug|Any CPU
		{9D9649AF-10CB-4A90-8B7B-1DEB14D61B66}.Release|Any CPU.ActiveCfg = Release|Any CPU
		{9D9649AF-10CB-4A90-8B7B-1DEB14D61B66}.Release|Any CPU.Build.0 = Release|Any CPU
		{5A5BF197-D2B3-4EF3-B936-3069F7F038FD}.Debug|Any CPU.ActiveCfg = Debug|Any CPU
		{5A5BF197-D2B3-4EF3-B936-3069F7F038FD}.Debug|Any CPU.Build.0 = Debug|Any CPU
		{5A5BF197-D2B3-4EF3-B936-3069F7F038FD}.Release|Any CPU.ActiveCfg = Release|Any CPU
		{5A5BF197-D2B3-4EF3-B936-3069F7F038FD}.Release|Any CPU.Build.0 = Release|Any CPU
	EndGlobalSection
	GlobalSection(SolutionProperties) = preSolution
		HideSolutionNode = FALSE
	EndGlobalSection
	GlobalSection(ExtensibilityGlobals) = postSolution
		SolutionGuid = {3709D2D7-BF61-4885-AFDE-3BE6799FB73F}
	EndGlobalSection
EndGlobal
